
Microsoft Visual Studio Solution File, Format Version 12.00
# Visual Studio Version 17
VisualStudioVersion = 17.3.32819.101
MinimumVisualStudioVersion = 10.0.40219.1
Project("{FAE04EC0-301F-11D3-BF4B-00C04F79EFBC}") = "TestTask", "TestTask\TestTask.csproj", "{21343DB0-82C1-4850-9464-9A09BAB6E941}"
EndProject
Global
	GlobalSection(SolutionConfigurationPlatforms) = preSolution
		Debug|Any CPU = Debug|Any CPU
		Release|Any CPU = Release|Any CPU
	EndGlobalSection
	GlobalSection(ProjectConfigurationPlatforms) = postSolution
		{21343DB0-82C1-4850-9464-9A09BAB6E941}.Debug|Any CPU.ActiveCfg = Debug|Any CPU
		{21343DB0-82C1-4850-9464-9A09BAB6E941}.Debug|Any CPU.Build.0 = Debug|Any CPU
		{21343DB0-82C1-4850-9464-9A09BAB6E941}.Release|Any CPU.ActiveCfg = Release|Any CPU
		{21343DB0-82C1-4850-9464-9A09BAB6E941}.Release|Any CPU.Build.0 = Release|Any CPU
	EndGlobalSection
	GlobalSection(SolutionProperties) = preSolution
		HideSolutionNode = FALSE
	EndGlobalSection
	GlobalSection(ExtensibilityGlobals) = postSolution
		SolutionGuid = {47286E53-E0E1-4DFA-9779-2FCD2896C5F5}
	EndGlobalSection
EndGlobal
